
Microsoft Visual Studio Solution File, Format Version 12.00
# Visual Studio Version 17
VisualStudioVersion = 17.3.32901.215
MinimumVisualStudioVersion = 10.0.40219.1
Project("{FAE04EC0-301F-11D3-BF4B-00C04F79EFBC}") = "Servidor", "Servidor\Servidor.csproj", "{20E33835-E1BC-4D0F-A565-DFE9FD7C255B}"
EndProject
Global
	GlobalSection(SolutionConfigurationPlatforms) = preSolution
		Debug|Any CPU = Debug|Any CPU
		Release|Any CPU = Release|Any CPU
	EndGlobalSection
	GlobalSection(ProjectConfigurationPlatforms) = postSolution
		{20E33835-E1BC-4D0F-A565-DFE9FD7C255B}.Debug|Any CPU.ActiveCfg = Debug|Any CPU
		{20E33835-E1BC-4D0F-A565-DFE9FD7C255B}.Debug|Any CPU.Build.0 = Debug|Any CPU
		{20E33835-E1BC-4D0F-A565-DFE9FD7C255B}.Release|Any CPU.ActiveCfg = Release|Any CPU
		{20E33835-E1BC-4D0F-A565-DFE9FD7C255B}.Release|Any CPU.Build.0 = Release|Any CPU
	EndGlobalSection
	GlobalSection(SolutionProperties) = preSolution
		HideSolutionNode = FALSE
	EndGlobalSection
	GlobalSection(ExtensibilityGlobals) = postSolution
		SolutionGuid = {0AB88124-C7A7-4890-BF95-41C89F720CDF}
	EndGlobalSection
EndGlobal
